
Microsoft Visual Studio Solution File, Format Version 12.00
# Visual Studio Version 17
VisualStudioVersion = 17.0.31903.59
MinimumVisualStudioVersion = 10.0.40219.1
Project("{9A19103F-16F7-4668-BE54-9A1E7A4F7556}") = "FootballPoints", "FootballPoints\FootballPoints.csproj", "{C2F67640-8EDB-470B-BA62-95DB7BCAFC28}"
EndProject
Project("{FAE04EC0-301F-11D3-BF4B-00C04F79EFBC}") = "FootballPointsTests", "FootballPointsTests\FootballPointsTests.csproj", "{7EDCE219-A675-44B1-A3BD-77E46C601A04}"
EndProject
Global
	GlobalSection(SolutionConfigurationPlatforms) = preSolution
		Debug|Any CPU = Debug|Any CPU
		Release|Any CPU = Release|Any CPU
	EndGlobalSection
	GlobalSection(ProjectConfigurationPlatforms) = postSolution
		{C2F67640-8EDB-470B-BA62-95DB7BCAFC28}.Debug|Any CPU.ActiveCfg = Debug|Any CPU
		{C2F67640-8EDB-470B-BA62-95DB7BCAFC28}.Debug|Any CPU.Build.0 = Debug|Any CPU
		{C2F67640-8EDB-470B-BA62-95DB7BCAFC28}.Release|Any CPU.ActiveCfg = Release|Any CPU
		{C2F67640-8EDB-470B-BA62-95DB7BCAFC28}.Release|Any CPU.Build.0 = Release|Any CPU
		{7EDCE219-A675-44B1-A3BD-77E46C601A04}.Debug|Any CPU.ActiveCfg = Debug|Any CPU
		{7EDCE219-A675-44B1-A3BD-77E46C601A04}.Debug|Any CPU.Build.0 = Debug|Any CPU
		{7EDCE219-A675-44B1-A3BD-77E46C601A04}.Release|Any CPU.ActiveCfg = Release|Any CPU
		{7EDCE219-A675-44B1-A3BD-77E46C601A04}.Release|Any CPU.Build.0 = Release|Any CPU
	EndGlobalSection
	GlobalSection(SolutionProperties) = preSolution
		HideSolutionNode = FALSE
	EndGlobalSection
	GlobalSection(ExtensibilityGlobals) = postSolution
		SolutionGuid = {F599CE2F-856F-48A7-AA9D-7AA03F23AB9E}
	EndGlobalSection
EndGlobal
