
Microsoft Visual Studio Solution File, Format Version 12.00
# Visual Studio Version 17
VisualStudioVersion = 17.3.32922.545
MinimumVisualStudioVersion = 10.0.40219.1
Project("{FAE04EC0-301F-11D3-BF4B-00C04F79EFBC}") = "Football", "Football\Football.csproj", "{35F0D4DB-8871-4915-A9BC-E8BE929C3624}"
EndProject
Global
	GlobalSection(SolutionConfigurationPlatforms) = preSolution
		Debug|Any CPU = Debug|Any CPU
		Release|Any CPU = Release|Any CPU
	EndGlobalSection
	GlobalSection(ProjectConfigurationPlatforms) = postSolution
		{35F0D4DB-8871-4915-A9BC-E8BE929C3624}.Debug|Any CPU.ActiveCfg = Debug|Any CPU
		{35F0D4DB-8871-4915-A9BC-E8BE929C3624}.Debug|Any CPU.Build.0 = Debug|Any CPU
		{35F0D4DB-8871-4915-A9BC-E8BE929C3624}.Release|Any CPU.ActiveCfg = Release|Any CPU
		{35F0D4DB-8871-4915-A9BC-E8BE929C3624}.Release|Any CPU.Build.0 = Release|Any CPU
	EndGlobalSection
	GlobalSection(SolutionProperties) = preSolution
		HideSolutionNode = FALSE
	EndGlobalSection
	GlobalSection(ExtensibilityGlobals) = postSolution
		SolutionGuid = {BF09F01B-63D9-4C57-9AC3-4909E90480F3}
	EndGlobalSection
EndGlobal
