
Microsoft Visual Studio Solution File, Format Version 12.00
# Visual Studio Version 17
VisualStudioVersion = 17.2.32602.215
MinimumVisualStudioVersion = 10.0.40219.1
Project("{FAE04EC0-301F-11D3-BF4B-00C04F79EFBC}") = "FootballPoints", "FootballPoints\FootballPoints.csproj", "{26E3612C-DB3F-4619-99BE-1C4F7689E8F5}"
EndProject
Global
	GlobalSection(SolutionConfigurationPlatforms) = preSolution
		Debug|Any CPU = Debug|Any CPU
		Release|Any CPU = Release|Any CPU
	EndGlobalSection
	GlobalSection(ProjectConfigurationPlatforms) = postSolution
		{26E3612C-DB3F-4619-99BE-1C4F7689E8F5}.Debug|Any CPU.ActiveCfg = Debug|Any CPU
		{26E3612C-DB3F-4619-99BE-1C4F7689E8F5}.Debug|Any CPU.Build.0 = Debug|Any CPU
		{26E3612C-DB3F-4619-99BE-1C4F7689E8F5}.Release|Any CPU.ActiveCfg = Release|Any CPU
		{26E3612C-DB3F-4619-99BE-1C4F7689E8F5}.Release|Any CPU.Build.0 = Release|Any CPU
	EndGlobalSection
	GlobalSection(SolutionProperties) = preSolution
		HideSolutionNode = FALSE
	EndGlobalSection
	GlobalSection(ExtensibilityGlobals) = postSolution
		SolutionGuid = {14DAE3FD-B448-4D04-9CA4-E96769E53D43}
	EndGlobalSection
EndGlobal
