
Microsoft Visual Studio Solution File, Format Version 12.00
# Visual Studio Version 17
VisualStudioVersion = 17.0.31903.59
MinimumVisualStudioVersion = 10.0.40219.1
Project("{9A19103F-16F7-4668-BE54-9A1E7A4F7556}") = "ReverseAnArray", "ReverseAnArray\ReverseAnArray.csproj", "{732912D8-546F-4DF2-9013-2AC17E56102D}"
EndProject
Global
	GlobalSection(SolutionConfigurationPlatforms) = preSolution
		Debug|Any CPU = Debug|Any CPU
		Release|Any CPU = Release|Any CPU
	EndGlobalSection
	GlobalSection(ProjectConfigurationPlatforms) = postSolution
		{732912D8-546F-4DF2-9013-2AC17E56102D}.Debug|Any CPU.ActiveCfg = Debug|Any CPU
		{732912D8-546F-4DF2-9013-2AC17E56102D}.Debug|Any CPU.Build.0 = Debug|Any CPU
		{732912D8-546F-4DF2-9013-2AC17E56102D}.Release|Any CPU.ActiveCfg = Release|Any CPU
		{732912D8-546F-4DF2-9013-2AC17E56102D}.Release|Any CPU.Build.0 = Release|Any CPU
	EndGlobalSection
	GlobalSection(SolutionProperties) = preSolution
		HideSolutionNode = FALSE
	EndGlobalSection
	GlobalSection(ExtensibilityGlobals) = postSolution
		SolutionGuid = {E5AFA3FF-37FE-411F-846F-3851079D1C42}
	EndGlobalSection
EndGlobal
