
Microsoft Visual Studio Solution File, Format Version 12.00
# Visual Studio Version 17
VisualStudioVersion = 17.3.32922.545
MinimumVisualStudioVersion = 10.0.40219.1
Project("{FAE04EC0-301F-11D3-BF4B-00C04F79EFBC}") = "SumOfTwoNumbers", "SumOfTwoNumbers.csproj", "{A6092E0F-C41B-4FEF-A75F-72960C823F70}"
EndProject
Project("{FAE04EC0-301F-11D3-BF4B-00C04F79EFBC}") = "SumOfTwoNumbersTests", "..\SumOfTwoNumbersTests\SumOfTwoNumbersTests.csproj", "{800DC16E-CFAF-4758-9C41-CFC128035D96}"
EndProject
Global
	GlobalSection(SolutionConfigurationPlatforms) = preSolution
		Debug|Any CPU = Debug|Any CPU
		Release|Any CPU = Release|Any CPU
	EndGlobalSection
	GlobalSection(ProjectConfigurationPlatforms) = postSolution
		{A6092E0F-C41B-4FEF-A75F-72960C823F70}.Debug|Any CPU.ActiveCfg = Debug|Any CPU
		{A6092E0F-C41B-4FEF-A75F-72960C823F70}.Debug|Any CPU.Build.0 = Debug|Any CPU
		{A6092E0F-C41B-4FEF-A75F-72960C823F70}.Release|Any CPU.ActiveCfg = Release|Any CPU
		{A6092E0F-C41B-4FEF-A75F-72960C823F70}.Release|Any CPU.Build.0 = Release|Any CPU
		{800DC16E-CFAF-4758-9C41-CFC128035D96}.Debug|Any CPU.ActiveCfg = Debug|Any CPU
		{800DC16E-CFAF-4758-9C41-CFC128035D96}.Debug|Any CPU.Build.0 = Debug|Any CPU
		{800DC16E-CFAF-4758-9C41-CFC128035D96}.Release|Any CPU.ActiveCfg = Release|Any CPU
		{800DC16E-CFAF-4758-9C41-CFC128035D96}.Release|Any CPU.Build.0 = Release|Any CPU
	EndGlobalSection
	GlobalSection(SolutionProperties) = preSolution
		HideSolutionNode = FALSE
	EndGlobalSection
	GlobalSection(ExtensibilityGlobals) = postSolution
		SolutionGuid = {7B1634F5-631A-4E50-A432-A899AFD1F634}
	EndGlobalSection
EndGlobal
