
Microsoft Visual Studio Solution File, Format Version 12.00
# Visual Studio Version 17
VisualStudioVersion = 17.3.32922.545
MinimumVisualStudioVersion = 10.0.40219.1
Project("{FAE04EC0-301F-11D3-BF4B-00C04F79EFBC}") = "Footbal", "Footbal.csproj", "{EA70BF85-BC77-4D75-9DD4-C51122825126}"
EndProject
Project("{FAE04EC0-301F-11D3-BF4B-00C04F79EFBC}") = "FootbalPointsTests", "..\FootbalPointsTests\FootbalPointsTests.csproj", "{D57F99F1-463E-4C94-B1F8-A9EE73CAC98B}"
EndProject
Global
	GlobalSection(SolutionConfigurationPlatforms) = preSolution
		Debug|Any CPU = Debug|Any CPU
		Release|Any CPU = Release|Any CPU
	EndGlobalSection
	GlobalSection(ProjectConfigurationPlatforms) = postSolution
		{EA70BF85-BC77-4D75-9DD4-C51122825126}.Debug|Any CPU.ActiveCfg = Debug|Any CPU
		{EA70BF85-BC77-4D75-9DD4-C51122825126}.Debug|Any CPU.Build.0 = Debug|Any CPU
		{EA70BF85-BC77-4D75-9DD4-C51122825126}.Release|Any CPU.ActiveCfg = Release|Any CPU
		{EA70BF85-BC77-4D75-9DD4-C51122825126}.Release|Any CPU.Build.0 = Release|Any CPU
		{D57F99F1-463E-4C94-B1F8-A9EE73CAC98B}.Debug|Any CPU.ActiveCfg = Debug|Any CPU
		{D57F99F1-463E-4C94-B1F8-A9EE73CAC98B}.Debug|Any CPU.Build.0 = Debug|Any CPU
		{D57F99F1-463E-4C94-B1F8-A9EE73CAC98B}.Release|Any CPU.ActiveCfg = Release|Any CPU
		{D57F99F1-463E-4C94-B1F8-A9EE73CAC98B}.Release|Any CPU.Build.0 = Release|Any CPU
	EndGlobalSection
	GlobalSection(SolutionProperties) = preSolution
		HideSolutionNode = FALSE
	EndGlobalSection
	GlobalSection(ExtensibilityGlobals) = postSolution
		SolutionGuid = {55F3C948-007E-4EB2-B143-A433A834CE51}
	EndGlobalSection
EndGlobal
