
Microsoft Visual Studio Solution File, Format Version 12.00
# Visual Studio Version 16
VisualStudioVersion = 16.0.30114.105
MinimumVisualStudioVersion = 10.0.40219.1
Project("{FAE04EC0-301F-11D3-BF4B-00C04F79EFBC}") = "ReturnTheSumOfTwoNumbers", "ReturnTheSumOfTwoNumbers\ReturnTheSumOfTwoNumbers.csproj", "{D422E4FE-EDE4-4A56-8941-CF650BF010EC}"
EndProject
Project("{FAE04EC0-301F-11D3-BF4B-00C04F79EFBC}") = "ReturnTheSumOfTwoNumbers.Tests", "ReturnTheSumOfTwoNumbers.Tests\ReturnTheSumOfTwoNumbers.Tests.csproj", "{0DB1FE20-C6F3-4A27-8C6A-B2347FEB1A36}"
EndProject
Global
	GlobalSection(SolutionConfigurationPlatforms) = preSolution
		Debug|Any CPU = Debug|Any CPU
		Release|Any CPU = Release|Any CPU
	EndGlobalSection
	GlobalSection(SolutionProperties) = preSolution
		HideSolutionNode = FALSE
	EndGlobalSection
	GlobalSection(ProjectConfigurationPlatforms) = postSolution
		{D422E4FE-EDE4-4A56-8941-CF650BF010EC}.Debug|Any CPU.ActiveCfg = Debug|Any CPU
		{D422E4FE-EDE4-4A56-8941-CF650BF010EC}.Debug|Any CPU.Build.0 = Debug|Any CPU
		{D422E4FE-EDE4-4A56-8941-CF650BF010EC}.Release|Any CPU.ActiveCfg = Release|Any CPU
		{D422E4FE-EDE4-4A56-8941-CF650BF010EC}.Release|Any CPU.Build.0 = Release|Any CPU
		{0DB1FE20-C6F3-4A27-8C6A-B2347FEB1A36}.Debug|Any CPU.ActiveCfg = Debug|Any CPU
		{0DB1FE20-C6F3-4A27-8C6A-B2347FEB1A36}.Debug|Any CPU.Build.0 = Debug|Any CPU
		{0DB1FE20-C6F3-4A27-8C6A-B2347FEB1A36}.Release|Any CPU.ActiveCfg = Release|Any CPU
		{0DB1FE20-C6F3-4A27-8C6A-B2347FEB1A36}.Release|Any CPU.Build.0 = Release|Any CPU
	EndGlobalSection
EndGlobal
